
Microsoft Visual Studio Solution File, Format Version 12.00
# Visual Studio Version 17
VisualStudioVersion = 17.3.32929.385
MinimumVisualStudioVersion = 10.0.40219.1
Project("{FAE04EC0-301F-11D3-BF4B-00C04F79EFBC}") = "Module_5", "Module_5.csproj", "{57A7BCD4-0D9C-4CB8-B9D6-AE0D7C1D8566}"
EndProject
Global
	GlobalSection(SolutionConfigurationPlatforms) = preSolution
		Debug|Any CPU = Debug|Any CPU
		Release|Any CPU = Release|Any CPU
	EndGlobalSection
	GlobalSection(ProjectConfigurationPlatforms) = postSolution
		{57A7BCD4-0D9C-4CB8-B9D6-AE0D7C1D8566}.Debug|Any CPU.ActiveCfg = Debug|Any CPU
		{57A7BCD4-0D9C-4CB8-B9D6-AE0D7C1D8566}.Debug|Any CPU.Build.0 = Debug|Any CPU
		{57A7BCD4-0D9C-4CB8-B9D6-AE0D7C1D8566}.Release|Any CPU.ActiveCfg = Release|Any CPU
		{57A7BCD4-0D9C-4CB8-B9D6-AE0D7C1D8566}.Release|Any CPU.Build.0 = Release|Any CPU
	EndGlobalSection
	GlobalSection(SolutionProperties) = preSolution
		HideSolutionNode = FALSE
	EndGlobalSection
	GlobalSection(ExtensibilityGlobals) = postSolution
		SolutionGuid = {C95EA5DD-60AF-45F0-AB86-DC230FE214F1}
	EndGlobalSection
EndGlobal
